// !$*UTF8*$!
{
	archiveVersion = 1;
	classes = {
	};
	objectVersion = 46;
	objects = {

/* Begin PBXBuildFile section */
		8E7F02781C05AFAD00CCF7FF /* AppDelegate.swift in Sources */ = {isa = PBXBuildFile; fileRef = 8E7F02771C05AFAD00CCF7FF /* AppDelegate.swift */; };
		8E7F027B1C05AFAD00CCF7FF /* mbtile.xcdatamodeld in Sources */ = {isa = PBXBuildFile; fileRef = 8E7F02791C05AFAD00CCF7FF /* mbtile.xcdatamodeld */; };
		8E7F027D1C05AFAD00CCF7FF /* ViewController.swift in Sources */ = {isa = PBXBuildFile; fileRef = 8E7F027C1C05AFAD00CCF7FF /* ViewController.swift */; };
		8E7F02801C05AFAD00CCF7FF /* Main.storyboard in Resources */ = {isa = PBXBuildFile; fileRef = 8E7F027E1C05AFAD00CCF7FF /* Main.storyboard */; };
		8E7F02821C05AFAD00CCF7FF /* Images.xcassets in Resources */ = {isa = PBXBuildFile; fileRef = 8E7F02811C05AFAD00CCF7FF /* Images.xcassets */; };
		8E7F02851C05AFAD00CCF7FF /* LaunchScreen.xib in Resources */ = {isa = PBXBuildFile; fileRef = 8E7F02831C05AFAD00CCF7FF /* LaunchScreen.xib */; };
		8E7F02911C05AFAE00CCF7FF /* mbtileTests.swift in Sources */ = {isa = PBXBuildFile; fileRef = 8E7F02901C05AFAE00CCF7FF /* mbtileTests.swift */; };
		8E7F02BD1C05BD2000CCF7FF /* CustomTileOverlay.swift in Sources */ = {isa = PBXBuildFile; fileRef = 8E7F02BC1C05BD2000CCF7FF /* CustomTileOverlay.swift */; };
		8E7F02C31C05C54E00CCF7FF /* MBTilesDB.m in Sources */ = {isa = PBXBuildFile; fileRef = 8E7F02C21C05C54E00CCF7FF /* MBTilesDB.m */; };
		8E7F02D21C05C6AC00CCF7FF /* FMDatabase.m in Sources */ = {isa = PBXBuildFile; fileRef = 8E7F02C81C05C6AC00CCF7FF /* FMDatabase.m */; settings = {COMPILER_FLAGS = "-fno-objc-arc"; }; };
		8E7F02D31C05C6AC00CCF7FF /* FMDatabaseAdditions.m in Sources */ = {isa = PBXBuildFile; fileRef = 8E7F02CA1C05C6AC00CCF7FF /* FMDatabaseAdditions.m */; settings = {COMPILER_FLAGS = "-fno-objc-arc"; }; };
		8E7F02D41C05C6AC00CCF7FF /* FMDatabasePool.m in Sources */ = {isa = PBXBuildFile; fileRef = 8E7F02CC1C05C6AC00CCF7FF /* FMDatabasePool.m */; };
		8E7F02D51C05C6AC00CCF7FF /* FMDatabaseQueue.m in Sources */ = {isa = PBXBuildFile; fileRef = 8E7F02CE1C05C6AC00CCF7FF /* FMDatabaseQueue.m */; };
		8E7F02D61C05C6AC00CCF7FF /* FMResultSet.m in Sources */ = {isa = PBXBuildFile; fileRef = 8E7F02D11C05C6AC00CCF7FF /* FMResultSet.m */; settings = {COMPILER_FLAGS = "-fno-objc-arc"; }; };
		8E7F02D81C05C7B800CCF7FF /* 10.mbtiles in Resources */ = {isa = PBXBuildFile; fileRef = 8E7F02D71C05C7B800CCF7FF /* 10.mbtiles */; };
		8E7F02DA1C05CD3B00CCF7FF /* libsqlite3.0.dylib in Frameworks */ = {isa = PBXBuildFile; fileRef = 8E7F02D91C05CD3B00CCF7FF /* libsqlite3.0.dylib */; };
		8EB3D1A71C0C7E10005264F4 /* Final-1.png in Resources */ = {isa = PBXBuildFile; fileRef = 8EB3D1A41C0C7E10005264F4 /* Final-1.png */; };
		8EB3D1A81C0C7E10005264F4 /* Final-2.png in Resources */ = {isa = PBXBuildFile; fileRef = 8EB3D1A51C0C7E10005264F4 /* Final-2.png */; };
		8EB3D1A91C0C7E10005264F4 /* Settings.png in Resources */ = {isa = PBXBuildFile; fileRef = 8EB3D1A61C0C7E10005264F4 /* Settings.png */; };
/* End PBXBuildFile section */

/* Begin PBXContainerItemProxy section */
		8E7F028B1C05AFAE00CCF7FF /* PBXContainerItemProxy */ = {
			isa = PBXContainerItemProxy;
			containerPortal = 8E7F026A1C05AFAD00CCF7FF /* Project object */;
			proxyType = 1;
			remoteGlobalIDString = 8E7F02711C05AFAD00CCF7FF;
			remoteInfo = mbtile;
		};
/* End PBXContainerItemProxy section */

/* Begin PBXFileReference section */
		8E7F02721C05AFAD00CCF7FF /* mbtile.app */ = {isa = PBXFileReference; explicitFileType = wrapper.application; includeInIndex = 0; path = mbtile.app; sourceTree = BUILT_PRODUCTS_DIR; };
		8E7F02761C05AFAD00CCF7FF /* Info.plist */ = {isa = PBXFileReference; lastKnownFileType = text.plist.xml; path = Info.plist; sourceTree = "<group>"; };
		8E7F02771C05AFAD00CCF7FF /* AppDelegate.swift */ = {isa = PBXFileReference; lastKnownFileType = sourcecode.swift; path = AppDelegate.swift; sourceTree = "<group>"; };
		8E7F027A1C05AFAD00CCF7FF /* mbtile.xcdatamodel */ = {isa = PBXFileReference; lastKnownFileType = wrapper.xcdatamodel; path = mbtile.xcdatamodel; sourceTree = "<group>"; };
		8E7F027C1C05AFAD00CCF7FF /* ViewController.swift */ = {isa = PBXFileReference; lastKnownFileType = sourcecode.swift; path = ViewController.swift; sourceTree = "<group>"; };
		8E7F027F1C05AFAD00CCF7FF /* Base */ = {isa = PBXFileReference; lastKnownFileType = file.storyboard; name = Base; path = Base.lproj/Main.storyboard; sourceTree = "<group>"; };
		8E7F02811C05AFAD00CCF7FF /* Images.xcassets */ = {isa = PBXFileReference; lastKnownFileType = folder.assetcatalog; path = Images.xcassets; sourceTree = "<group>"; };
		8E7F02841C05AFAD00CCF7FF /* Base */ = {isa = PBXFileReference; lastKnownFileType = file.xib; name = Base; path = Base.lproj/LaunchScreen.xib; sourceTree = "<group>"; };
		8E7F028A1C05AFAE00CCF7FF /* mbtileTests.xctest */ = {isa = PBXFileReference; explicitFileType = wrapper.cfbundle; includeInIndex = 0; path = mbtileTests.xctest; sourceTree = BUILT_PRODUCTS_DIR; };
		8E7F028F1C05AFAE00CCF7FF /* Info.plist */ = {isa = PBXFileReference; lastKnownFileType = text.plist.xml; path = Info.plist; sourceTree = "<group>"; };
		8E7F02901C05AFAE00CCF7FF /* mbtileTests.swift */ = {isa = PBXFileReference; lastKnownFileType = sourcecode.swift; path = mbtileTests.swift; sourceTree = "<group>"; };
		8E7F02BB1C05B83E00CCF7FF /* mbtile-Bridging-Header.h */ = {isa = PBXFileReference; fileEncoding = 4; lastKnownFileType = sourcecode.c.h; path = "mbtile-Bridging-Header.h"; sourceTree = "<group>"; };
		8E7F02BC1C05BD2000CCF7FF /* CustomTileOverlay.swift */ = {isa = PBXFileReference; fileEncoding = 4; lastKnownFileType = sourcecode.swift; path = CustomTileOverlay.swift; sourceTree = "<group>"; };
		8E7F02C11C05C54E00CCF7FF /* MBTilesDB.h */ = {isa = PBXFileReference; fileEncoding = 4; lastKnownFileType = sourcecode.c.h; path = MBTilesDB.h; sourceTree = "<group>"; };
		8E7F02C21C05C54E00CCF7FF /* MBTilesDB.m */ = {isa = PBXFileReference; fileEncoding = 4; lastKnownFileType = sourcecode.c.objc; path = MBTilesDB.m; sourceTree = "<group>"; };
		8E7F02C71C05C6AC00CCF7FF /* FMDatabase.h */ = {isa = PBXFileReference; fileEncoding = 4; lastKnownFileType = sourcecode.c.h; path = FMDatabase.h; sourceTree = "<group>"; };
		8E7F02C81C05C6AC00CCF7FF /* FMDatabase.m */ = {isa = PBXFileReference; fileEncoding = 4; lastKnownFileType = sourcecode.c.objc; path = FMDatabase.m; sourceTree = "<group>"; };
		8E7F02C91C05C6AC00CCF7FF /* FMDatabaseAdditions.h */ = {isa = PBXFileReference; fileEncoding = 4; lastKnownFileType = sourcecode.c.h; path = FMDatabaseAdditions.h; sourceTree = "<group>"; };
		8E7F02CA1C05C6AC00CCF7FF /* FMDatabaseAdditions.m */ = {isa = PBXFileReference; fileEncoding = 4; lastKnownFileType = sourcecode.c.objc; path = FMDatabaseAdditions.m; sourceTree = "<group>"; };
		8E7F02CB1C05C6AC00CCF7FF /* FMDatabasePool.h */ = {isa = PBXFileReference; fileEncoding = 4; lastKnownFileType = sourcecode.c.h; path = FMDatabasePool.h; sourceTree = "<group>"; };
		8E7F02CC1C05C6AC00CCF7FF /* FMDatabasePool.m */ = {isa = PBXFileReference; fileEncoding = 4; lastKnownFileType = sourcecode.c.objc; path = FMDatabasePool.m; sourceTree = "<group>"; };
		8E7F02CD1C05C6AC00CCF7FF /* FMDatabaseQueue.h */ = {isa = PBXFileReference; fileEncoding = 4; lastKnownFileType = sourcecode.c.h; path = FMDatabaseQueue.h; sourceTree = "<group>"; };
		8E7F02CE1C05C6AC00CCF7FF /* FMDatabaseQueue.m */ = {isa = PBXFileReference; fileEncoding = 4; lastKnownFileType = sourcecode.c.objc; path = FMDatabaseQueue.m; sourceTree = "<group>"; };
		8E7F02CF1C05C6AC00CCF7FF /* FMDB.h */ = {isa = PBXFileReference; fileEncoding = 4; lastKnownFileType = sourcecode.c.h; path = FMDB.h; sourceTree = "<group>"; };
		8E7F02D01C05C6AC00CCF7FF /* FMResultSet.h */ = {isa = PBXFileReference; fileEncoding = 4; lastKnownFileType = sourcecode.c.h; path = FMResultSet.h; sourceTree = "<group>"; };
		8E7F02D11C05C6AC00CCF7FF /* FMResultSet.m */ = {isa = PBXFileReference; fileEncoding = 4; lastKnownFileType = sourcecode.c.objc; path = FMResultSet.m; sourceTree = "<group>"; };
		8E7F02D71C05C7B800CCF7FF /* 10.mbtiles */ = {isa = PBXFileReference; lastKnownFileType = file; path = 10.mbtiles; sourceTree = "<group>"; };
		8E7F02D91C05CD3B00CCF7FF /* libsqlite3.0.dylib */ = {isa = PBXFileReference; lastKnownFileType = "compiled.mach-o.dylib"; name = libsqlite3.0.dylib; path = usr/lib/libsqlite3.0.dylib; sourceTree = SDKROOT; };
		8EB3D1A41C0C7E10005264F4 /* Final-1.png */ = {isa = PBXFileReference; lastKnownFileType = image.png; path = "Final-1.png"; sourceTree = "<group>"; };
		8EB3D1A51C0C7E10005264F4 /* Final-2.png */ = {isa = PBXFileReference; lastKnownFileType = image.png; path = "Final-2.png"; sourceTree = "<group>"; };
		8EB3D1A61C0C7E10005264F4 /* Settings.png */ = {isa = PBXFileReference; lastKnownFileType = image.png; path = Settings.png; sourceTree = "<group>"; };
/* End PBXFileReference section */

/* Begin PBXFrameworksBuildPhase section */
		8E7F026F1C05AFAD00CCF7FF /* Frameworks */ = {
			isa = PBXFrameworksBuildPhase;
			buildActionMask = 2147483647;
			files = (
				8E7F02DA1C05CD3B00CCF7FF /* libsqlite3.0.dylib in Frameworks */,
			);
			runOnlyForDeploymentPostprocessing = 0;
		};
		8E7F02871C05AFAE00CCF7FF /* Frameworks */ = {
			isa = PBXFrameworksBuildPhase;
			buildActionMask = 2147483647;
			files = (
			);
			runOnlyForDeploymentPostprocessing = 0;
		};
/* End PBXFrameworksBuildPhase section */

/* Begin PBXGroup section */
		8E7F02691C05AFAD00CCF7FF = {
			isa = PBXGroup;
			children = (
				8E7F02D91C05CD3B00CCF7FF /* libsqlite3.0.dylib */,
				8E7F02741C05AFAD00CCF7FF /* mbtile */,
				8E7F028D1C05AFAE00CCF7FF /* mbtileTests */,
				8E7F02731C05AFAD00CCF7FF /* Products */,
			);
			sourceTree = "<group>";
		};
		8E7F02731C05AFAD00CCF7FF /* Products */ = {
			isa = PBXGroup;
			children = (
				8E7F02721C05AFAD00CCF7FF /* mbtile.app */,
				8E7F028A1C05AFAE00CCF7FF /* mbtileTests.xctest */,
			);
			name = Products;
			sourceTree = "<group>";
		};
		8E7F02741C05AFAD00CCF7FF /* mbtile */ = {
			isa = PBXGroup;
			children = (
				8E7F029A1C05B00800CCF7FF /* mbtiles */,
				8E7F02771C05AFAD00CCF7FF /* AppDelegate.swift */,
				8E7F027C1C05AFAD00CCF7FF /* ViewController.swift */,
				8E7F027E1C05AFAD00CCF7FF /* Main.storyboard */,
				8E7F02811C05AFAD00CCF7FF /* Images.xcassets */,
				8E7F02831C05AFAD00CCF7FF /* LaunchScreen.xib */,
				8E7F02791C05AFAD00CCF7FF /* mbtile.xcdatamodeld */,
				8E7F02751C05AFAD00CCF7FF /* Supporting Files */,
				8E7F02BB1C05B83E00CCF7FF /* mbtile-Bridging-Header.h */,
			);
			path = mbtile;
			sourceTree = "<group>";
		};
		8E7F02751C05AFAD00CCF7FF /* Supporting Files */ = {
			isa = PBXGroup;
			children = (
				8EB3D1A41C0C7E10005264F4 /* Final-1.png */,
				8EB3D1A51C0C7E10005264F4 /* Final-2.png */,
				8EB3D1A61C0C7E10005264F4 /* Settings.png */,
				8E7F02761C05AFAD00CCF7FF /* Info.plist */,
			);
			name = "Supporting Files";
			sourceTree = "<group>";
		};
		8E7F028D1C05AFAE00CCF7FF /* mbtileTests */ = {
			isa = PBXGroup;
			children = (
				8E7F02901C05AFAE00CCF7FF /* mbtileTests.swift */,
				8E7F028E1C05AFAE00CCF7FF /* Supporting Files */,
			);
			path = mbtileTests;
			sourceTree = "<group>";
		};
		8E7F028E1C05AFAE00CCF7FF /* Supporting Files */ = {
			isa = PBXGroup;
			children = (
				8E7F028F1C05AFAE00CCF7FF /* Info.plist */,
			);
			name = "Supporting Files";
			sourceTree = "<group>";
		};
		8E7F029A1C05B00800CCF7FF /* mbtiles */ = {
			isa = PBXGroup;
			children = (
				8E7F02C61C05C69900CCF7FF /* FMDB */,
				8E7F02C11C05C54E00CCF7FF /* MBTilesDB.h */,
				8E7F02C21C05C54E00CCF7FF /* MBTilesDB.m */,
				8E7F02BC1C05BD2000CCF7FF /* CustomTileOverlay.swift */,
			);
			name = mbtiles;
			sourceTree = "<group>";
		};
		8E7F02C61C05C69900CCF7FF /* FMDB */ = {
			isa = PBXGroup;
			children = (
				8E7F02C71C05C6AC00CCF7FF /* FMDatabase.h */,
				8E7F02C81C05C6AC00CCF7FF /* FMDatabase.m */,
				8E7F02C91C05C6AC00CCF7FF /* FMDatabaseAdditions.h */,
				8E7F02CA1C05C6AC00CCF7FF /* FMDatabaseAdditions.m */,
				8E7F02CB1C05C6AC00CCF7FF /* FMDatabasePool.h */,
				8E7F02CC1C05C6AC00CCF7FF /* FMDatabasePool.m */,
				8E7F02CD1C05C6AC00CCF7FF /* FMDatabaseQueue.h */,
				8E7F02CE1C05C6AC00CCF7FF /* FMDatabaseQueue.m */,
				8E7F02CF1C05C6AC00CCF7FF /* FMDB.h */,
				8E7F02D01C05C6AC00CCF7FF /* FMResultSet.h */,
				8E7F02D11C05C6AC00CCF7FF /* FMResultSet.m */,
				8E7F02D71C05C7B800CCF7FF /* 10.mbtiles */,
			);
			name = FMDB;
			sourceTree = "<group>";
		};
/* End PBXGroup section */

/* Begin PBXNativeTarget section */
		8E7F02711C05AFAD00CCF7FF /* mbtile */ = {
			isa = PBXNativeTarget;
			buildConfigurationList = 8E7F02941C05AFAE00CCF7FF /* Build configuration list for PBXNativeTarget "mbtile" */;
			buildPhases = (
				8E7F026E1C05AFAD00CCF7FF /* Sources */,
				8E7F026F1C05AFAD00CCF7FF /* Frameworks */,
				8E7F02701C05AFAD00CCF7FF /* Resources */,
			);
			buildRules = (
			);
			dependencies = (
			);
			name = mbtile;
			productName = mbtile;
			productReference = 8E7F02721C05AFAD00CCF7FF /* mbtile.app */;
			productType = "com.apple.product-type.application";
		};
		8E7F02891C05AFAE00CCF7FF /* mbtileTests */ = {
			isa = PBXNativeTarget;
			buildConfigurationList = 8E7F02971C05AFAE00CCF7FF /* Build configuration list for PBXNativeTarget "mbtileTests" */;
			buildPhases = (
				8E7F02861C05AFAE00CCF7FF /* Sources */,
				8E7F02871C05AFAE00CCF7FF /* Frameworks */,
				8E7F02881C05AFAE00CCF7FF /* Resources */,
			);
			buildRules = (
			);
			dependencies = (
				8E7F028C1C05AFAE00CCF7FF /* PBXTargetDependency */,
			);
			name = mbtileTests;
			productName = mbtileTests;
			productReference = 8E7F028A1C05AFAE00CCF7FF /* mbtileTests.xctest */;
			productType = "com.apple.product-type.bundle.unit-test";
		};
/* End PBXNativeTarget section */

/* Begin PBXProject section */
		8E7F026A1C05AFAD00CCF7FF /* Project object */ = {
			isa = PBXProject;
			attributes = {
				LastUpgradeCheck = 0640;
				ORGANIZATIONNAME = mbtile;
				TargetAttributes = {
					8E7F02711C05AFAD00CCF7FF = {
						CreatedOnToolsVersion = 6.4;
						DevelopmentTeam = 3R3B69BA6D;
						LastSwiftMigration = 0820;
					};
					8E7F02891C05AFAE00CCF7FF = {
						CreatedOnToolsVersion = 6.4;
						LastSwiftMigration = 0820;
						TestTargetID = 8E7F02711C05AFAD00CCF7FF;
					};
				};
			};
			buildConfigurationList = 8E7F026D1C05AFAD00CCF7FF /* Build configuration list for PBXProject "mbtile" */;
			compatibilityVersion = "Xcode 3.2";
			developmentRegion = English;
			hasScannedForEncodings = 0;
			knownRegions = (
				en,
				Base,
			);
			mainGroup = 8E7F02691C05AFAD00CCF7FF;
			productRefGroup = 8E7F02731C05AFAD00CCF7FF /* Products */;
			projectDirPath = "";
			projectRoot = "";
			targets = (
				8E7F02711C05AFAD00CCF7FF /* mbtile */,
				8E7F02891C05AFAE00CCF7FF /* mbtileTests */,
			);
		};
/* End PBXProject section */

/* Begin PBXResourcesBuildPhase section */
		8E7F02701C05AFAD00CCF7FF /* Resources */ = {
			isa = PBXResourcesBuildPhase;
			buildActionMask = 2147483647;
			files = (
				8EB3D1A91C0C7E10005264F4 /* Settings.png in Resources */,
				8E7F02801C05AFAD00CCF7FF /* Main.storyboard in Resources */,
				8EB3D1A71C0C7E10005264F4 /* Final-1.png in Resources */,
				8E7F02D81C05C7B800CCF7FF /* 10.mbtiles in Resources */,
				8EB3D1A81C0C7E10005264F4 /* Final-2.png in Resources */,
				8E7F02851C05AFAD00CCF7FF /* LaunchScreen.xib in Resources */,
				8E7F02821C05AFAD00CCF7FF /* Images.xcassets in Resources */,
			);
			runOnlyForDeploymentPostprocessing = 0;
		};
		8E7F02881C05AFAE00CCF7FF /* Resources */ = {
			isa = PBXResourcesBuildPhase;
			buildActionMask = 2147483647;
			files = (
			);
			runOnlyForDeploymentPostprocessing = 0;
		};
/* End PBXResourcesBuildPhase section */

/* Begin PBXSourcesBuildPhase section */
		8E7F026E1C05AFAD00CCF7FF /* Sources */ = {
			isa = PBXSourcesBuildPhase;
			buildActionMask = 2147483647;
			files = (
				8E7F027D1C05AFAD00CCF7FF /* ViewController.swift in Sources */,
				8E7F02C31C05C54E00CCF7FF /* MBTilesDB.m in Sources */,
				8E7F02BD1C05BD2000CCF7FF /* CustomTileOverlay.swift in Sources */,
				8E7F02D21C05C6AC00CCF7FF /* FMDatabase.m in Sources */,
				8E7F02D61C05C6AC00CCF7FF /* FMResultSet.m in Sources */,
				8E7F027B1C05AFAD00CCF7FF /* mbtile.xcdatamodeld in Sources */,
				8E7F02D41C05C6AC00CCF7FF /* FMDatabasePool.m in Sources */,
				8E7F02D31C05C6AC00CCF7FF /* FMDatabaseAdditions.m in Sources */,
				8E7F02781C05AFAD00CCF7FF /* AppDelegate.swift in Sources */,
				8E7F02D51C05C6AC00CCF7FF /* FMDatabaseQueue.m in Sources */,
			);
			runOnlyForDeploymentPostprocessing = 0;
		};
		8E7F02861C05AFAE00CCF7FF /* Sources */ = {
			isa = PBXSourcesBuildPhase;
			buildActionMask = 2147483647;
			files = (
				8E7F02911C05AFAE00CCF7FF /* mbtileTests.swift in Sources */,
			);
			runOnlyForDeploymentPostprocessing = 0;
		};
/* End PBXSourcesBuildPhase section */

/* Begin PBXTargetDependency section */
		8E7F028C1C05AFAE00CCF7FF /* PBXTargetDependency */ = {
			isa = PBXTargetDependency;
			target = 8E7F02711C05AFAD00CCF7FF /* mbtile */;
			targetProxy = 8E7F028B1C05AFAE00CCF7FF /* PBXContainerItemProxy */;
		};
/* End PBXTargetDependency section */

/* Begin PBXVariantGroup section */
		8E7F027E1C05AFAD00CCF7FF /* Main.storyboard */ = {
			isa = PBXVariantGroup;
			children = (
				8E7F027F1C05AFAD00CCF7FF /* Base */,
			);
			name = Main.storyboard;
			sourceTree = "<group>";
		};
		8E7F02831C05AFAD00CCF7FF /* LaunchScreen.xib */ = {
			isa = PBXVariantGroup;
			children = (
				8E7F02841C05AFAD00CCF7FF /* Base */,
			);
			name = LaunchScreen.xib;
			sourceTree = "<group>";
		};
/* End PBXVariantGroup section */

/* Begin XCBuildConfiguration section */
		8E7F02921C05AFAE00CCF7FF /* Debug */ = {
			isa = XCBuildConfiguration;
			buildSettings = {
				ALWAYS_SEARCH_USER_PATHS = NO;
				CLANG_CXX_LANGUAGE_STANDARD = "gnu++0x";
				CLANG_CXX_LIBRARY = "libc++";
				CLANG_ENABLE_MODULES = YES;
				CLANG_ENABLE_OBJC_ARC = YES;
				CLANG_WARN_BOOL_CONVERSION = YES;
				CLANG_WARN_CONSTANT_CONVERSION = YES;
				CLANG_WARN_DIRECT_OBJC_ISA_USAGE = YES_ERROR;
				CLANG_WARN_EMPTY_BODY = YES;
				CLANG_WARN_ENUM_CONVERSION = YES;
				CLANG_WARN_INT_CONVERSION = YES;
				CLANG_WARN_OBJC_ROOT_CLASS = YES_ERROR;
				CLANG_WARN_UNREACHABLE_CODE = YES;
				CLANG_WARN__DUPLICATE_METHOD_MATCH = YES;
				"CODE_SIGN_IDENTITY[sdk=iphoneos*]" = "iPhone Developer";
				COPY_PHASE_STRIP = NO;
				DEBUG_INFORMATION_FORMAT = "dwarf-with-dsym";
				ENABLE_STRICT_OBJC_MSGSEND = YES;
				GCC_C_LANGUAGE_STANDARD = gnu99;
				GCC_DYNAMIC_NO_PIC = NO;
				GCC_NO_COMMON_BLOCKS = YES;
				GCC_OPTIMIZATION_LEVEL = 0;
				GCC_PREPROCESSOR_DEFINITIONS = (
					"DEBUG=1",
					"$(inherited)",
				);
				GCC_SYMBOLS_PRIVATE_EXTERN = NO;
				GCC_WARN_64_TO_32_BIT_CONVERSION = YES;
				GCC_WARN_ABOUT_RETURN_TYPE = YES_ERROR;
				GCC_WARN_UNDECLARED_SELECTOR = YES;
				GCC_WARN_UNINITIALIZED_AUTOS = YES_AGGRESSIVE;
				GCC_WARN_UNUSED_FUNCTION = YES;
				GCC_WARN_UNUSED_VARIABLE = YES;
				IPHONEOS_DEPLOYMENT_TARGET = 8.4;
				MTL_ENABLE_DEBUG_INFO = YES;
				ONLY_ACTIVE_ARCH = YES;
				SDKROOT = iphoneos;
				SWIFT_OPTIMIZATION_LEVEL = "-Onone";
				TARGETED_DEVICE_FAMILY = "1,2";
			};
			name = Debug;
		};
		8E7F02931C05AFAE00CCF7FF /* Release */ = {
			isa = XCBuildConfiguration;
			buildSettings = {
				ALWAYS_SEARCH_USER_PATHS = NO;
				CLANG_CXX_LANGUAGE_STANDARD = "gnu++0x";
				CLANG_CXX_LIBRARY = "libc++";
				CLANG_ENABLE_MODULES = YES;
				CLANG_ENABLE_OBJC_ARC = YES;
				CLANG_WARN_BOOL_CONVERSION = YES;
				CLANG_WARN_CONSTANT_CONVERSION = YES;
				CLANG_WARN_DIRECT_OBJC_ISA_USAGE = YES_ERROR;
				CLANG_WARN_EMPTY_BODY = YES;
				CLANG_WARN_ENUM_CONVERSION = YES;
				CLANG_WARN_INT_CONVERSION = YES;
				CLANG_WARN_OBJC_ROOT_CLASS = YES_ERROR;
				CLANG_WARN_UNREACHABLE_CODE = YES;
				CLANG_WARN__DUPLICATE_METHOD_MATCH = YES;
				"CODE_SIGN_IDENTITY[sdk=iphoneos*]" = "iPhone Developer";
				COPY_PHASE_STRIP = NO;
				DEBUG_INFORMATION_FORMAT = "dwarf-with-dsym";
				ENABLE_NS_ASSERTIONS = NO;
				ENABLE_STRICT_OBJC_MSGSEND = YES;
				GCC_C_LANGUAGE_STANDARD = gnu99;
				GCC_NO_COMMON_BLOCKS = YES;
				GCC_WARN_64_TO_32_BIT_CONVERSION = YES;
				GCC_WARN_ABOUT_RETURN_TYPE = YES_ERROR;
				GCC_WARN_UNDECLARED_SELECTOR = YES;
				GCC_WARN_UNINITIALIZED_AUTOS = YES_AGGRESSIVE;
				GCC_WARN_UNUSED_FUNCTION = YES;
				GCC_WARN_UNUSED_VARIABLE = YES;
				IPHONEOS_DEPLOYMENT_TARGET = 8.4;
				MTL_ENABLE_DEBUG_INFO = NO;
				SDKROOT = iphoneos;
				TARGETED_DEVICE_FAMILY = "1,2";
				VALIDATE_PRODUCT = YES;
			};
			name = Release;
		};
		8E7F02951C05AFAE00CCF7FF /* Debug */ = {
			isa = XCBuildConfiguration;
			buildSettings = {
				ASSETCATALOG_COMPILER_APPICON_NAME = AppIcon;
				DEVELOPMENT_TEAM = 3R3B69BA6D;
				INFOPLIST_FILE = mbtile/Info.plist;
				LD_RUNPATH_SEARCH_PATHS = "$(inherited) @executable_path/Frameworks";
				PRODUCT_NAME = "$(TARGET_NAME)";
				SWIFT_OBJC_BRIDGING_HEADER = "mbtile/mbtile-Bridging-Header.h";
				SWIFT_VERSION = 3.0;
			};
			name = Debug;
		};
		8E7F02961C05AFAE00CCF7FF /* Release */ = {
			isa = XCBuildConfiguration;
			buildSettings = {
				ASSETCATALOG_COMPILER_APPICON_NAME = AppIcon;
				DEVELOPMENT_TEAM = 3R3B69BA6D;
				INFOPLIST_FILE = mbtile/Info.plist;
				LD_RUNPATH_SEARCH_PATHS = "$(inherited) @executable_path/Frameworks";
				PRODUCT_NAME = "$(TARGET_NAME)";
				SWIFT_OBJC_BRIDGING_HEADER = "mbtile/mbtile-Bridging-Header.h";
				SWIFT_VERSION = 3.0;
			};
			name = Release;
		};
		8E7F02981C05AFAE00CCF7FF /* Debug */ = {
			isa = XCBuildConfiguration;
			buildSettings = {
				BUNDLE_LOADER = "$(TEST_HOST)";
				FRAMEWORK_SEARCH_PATHS = (
					"$(SDKROOT)/Developer/Library/Frameworks",
					"$(inherited)",
				);
				GCC_PREPROCESSOR_DEFINITIONS = (
					"DEBUG=1",
					"$(inherited)",
				);
				INFOPLIST_FILE = mbtileTests/Info.plist;
				LD_RUNPATH_SEARCH_PATHS = "$(inherited) @executable_path/Frameworks @loader_path/Frameworks";
				PRODUCT_NAME = "$(TARGET_NAME)";
				SWIFT_VERSION = 3.0;
				TEST_HOST = "$(BUILT_PRODUCTS_DIR)/mbtile.app/mbtile";
			};
			name = Debug;
		};
		8E7F02991C05AFAE00CCF7FF /* Release */ = {
			isa = XCBuildConfiguration;
			buildSettings = {
				BUNDLE_LOADER = "$(TEST_HOST)";
				FRAMEWORK_SEARCH_PATHS = (
					"$(SDKROOT)/Developer/Library/Frameworks",
					"$(inherited)",
				);
				INFOPLIST_FILE = mbtileTests/Info.plist;
				LD_RUNPATH_SEARCH_PATHS = "$(inherited) @executable_path/Frameworks @loader_path/Frameworks";
				PRODUCT_NAME = "$(TARGET_NAME)";
				SWIFT_VERSION = 3.0;
				TEST_HOST = "$(BUILT_PRODUCTS_DIR)/mbtile.app/mbtile";
			};
			name = Release;
		};
/* End XCBuildConfiguration section */

/* Begin XCConfigurationList section */
		8E7F026D1C05AFAD00CCF7FF /* Build configuration list for PBXProject "mbtile" */ = {
			isa = XCConfigurationList;
			buildConfigurations = (
				8E7F02921C05AFAE00CCF7FF /* Debug */,
				8E7F02931C05AFAE00CCF7FF /* Release */,
			);
			defaultConfigurationIsVisible = 0;
			defaultConfigurationName = Release;
		};
		8E7F02941C05AFAE00CCF7FF /* Build configuration list for PBXNativeTarget "mbtile" */ = {
			isa = XCConfigurationList;
			buildConfigurations = (
				8E7F02951C05AFAE00CCF7FF /* Debug */,
				8E7F02961C05AFAE00CCF7FF /* Release */,
			);
			defaultConfigurationIsVisible = 0;
			defaultConfigurationName = Release;
		};
		8E7F02971C05AFAE00CCF7FF /* Build configuration list for PBXNativeTarget "mbtileTests" */ = {
			isa = XCConfigurationList;
			buildConfigurations = (
				8E7F02981C05AFAE00CCF7FF /* Debug */,
				8E7F02991C05AFAE00CCF7FF /* Release */,
			);
			defaultConfigurationIsVisible = 0;
			defaultConfigurationName = Release;
		};
/* End XCConfigurationList section */

/* Begin XCVersionGroup section */
		8E7F02791C05AFAD00CCF7FF /* mbtile.xcdatamodeld */ = {
			isa = XCVersionGroup;
			children = (
				8E7F027A1C05AFAD00CCF7FF /* mbtile.xcdatamodel */,
			);
			currentVersion = 8E7F027A1C05AFAD00CCF7FF /* mbtile.xcdatamodel */;
			path = mbtile.xcdatamodeld;
			sourceTree = "<group>";
			versionGroupType = wrapper.xcdatamodel;
		};
/* End XCVersionGroup section */
	};
	rootObject = 8E7F026A1C05AFAD00CCF7FF /* Project object */;
}
